
Microsoft Visual Studio Solution File, Format Version 12.00
# Visual Studio Version 16
VisualStudioVersion = 16.0.31129.286
MinimumVisualStudioVersion = 10.0.40219.1
Project("{FAE04EC0-301F-11D3-BF4B-00C04F79EFBC}") = "BajerOgBillardTest.UWP", "BajerOgBillardTest\BajerOgBillardTest.UWP\BajerOgBillardTest.UWP.csproj", "{8A3B7670-0CE8-458D-9D6D-17C6465F1C9D}"
EndProject
Project("{FAE04EC0-301F-11D3-BF4B-00C04F79EFBC}") = "BajerOgBillardTest.Android", "BajerOgBillardTest\BajerOgBillardTest.Android\BajerOgBillardTest.Android.csproj", "{C7642213-FB53-4643-B826-B7DCFB6158E1}"
EndProject
Project("{FAE04EC0-301F-11D3-BF4B-00C04F79EFBC}") = "BajerOgBillardTest.iOS", "BajerOgBillardTest\BajerOgBillardTest.iOS\BajerOgBillardTest.iOS.csproj", "{7E80FE80-9C09-4387-AE9B-7F4F24296A68}"
EndProject
Project("{FAE04EC0-301F-11D3-BF4B-00C04F79EFBC}") = "BajerOgBillardTest", "BajerOgBillardTest\BajerOgBillardTest\BajerOgBillardTest.csproj", "{BBB642C3-40C1-4734-8A20-00C956360746}"
EndProject
Global
	GlobalSection(SolutionConfigurationPlatforms) = preSolution
		Debug|Any CPU = Debug|Any CPU
		Debug|ARM = Debug|ARM
		Debug|iPhone = Debug|iPhone
		Debug|iPhoneSimulator = Debug|iPhoneSimulator
		Debug|x64 = Debug|x64
		Debug|x86 = Debug|x86
		Release|Any CPU = Release|Any CPU
		Release|ARM = Release|ARM
		Release|iPhone = Release|iPhone
		Release|iPhoneSimulator = Release|iPhoneSimulator
		Release|x64 = Release|x64
		Release|x86 = Release|x86
	EndGlobalSection
	GlobalSection(ProjectConfigurationPlatforms) = postSolution
		{8A3B7670-0CE8-458D-9D6D-17C6465F1C9D}.Debug|Any CPU.ActiveCfg = Debug|x86
		{8A3B7670-0CE8-458D-9D6D-17C6465F1C9D}.Debug|Any CPU.Build.0 = Debug|x86
		{8A3B7670-0CE8-458D-9D6D-17C6465F1C9D}.Debug|Any CPU.Deploy.0 = Debug|x86
		{8A3B7670-0CE8-458D-9D6D-17C6465F1C9D}.Debug|ARM.ActiveCfg = Debug|ARM
		{8A3B7670-0CE8-458D-9D6D-17C6465F1C9D}.Debug|ARM.Build.0 = Debug|ARM
		{8A3B7670-0CE8-458D-9D6D-17C6465F1C9D}.Debug|ARM.Deploy.0 = Debug|ARM
		{8A3B7670-0CE8-458D-9D6D-17C6465F1C9D}.Debug|iPhone.ActiveCfg = Debug|x86
		{8A3B7670-0CE8-458D-9D6D-17C6465F1C9D}.Debug|iPhone.Build.0 = Debug|x86
		{8A3B7670-0CE8-458D-9D6D-17C6465F1C9D}.Debug|iPhone.Deploy.0 = Debug|x86
		{8A3B7670-0CE8-458D-9D6D-17C6465F1C9D}.Debug|iPhoneSimulator.ActiveCfg = Debug|x86
		{8A3B7670-0CE8-458D-9D6D-17C6465F1C9D}.Debug|iPhoneSimulator.Build.0 = Debug|x86
		{8A3B7670-0CE8-458D-9D6D-17C6465F1C9D}.Debug|iPhoneSimulator.Deploy.0 = Debug|x86
		{8A3B7670-0CE8-458D-9D6D-17C6465F1C9D}.Debug|x64.ActiveCfg = Debug|x64
		{8A3B7670-0CE8-458D-9D6D-17C6465F1C9D}.Debug|x64.Build.0 = Debug|x64
		{8A3B7670-0CE8-458D-9D6D-17C6465F1C9D}.Debug|x64.Deploy.0 = Debug|x64
		{8A3B7670-0CE8-458D-9D6D-17C6465F1C9D}.Debug|x86.ActiveCfg = Debug|x86
		{8A3B7670-0CE8-458D-9D6D-17C6465F1C9D}.Debug|x86.Build.0 = Debug|x86
		{8A3B7670-0CE8-458D-9D6D-17C6465F1C9D}.Debug|x86.Deploy.0 = Debug|x86
		{8A3B7670-0CE8-458D-9D6D-17C6465F1C9D}.Release|Any CPU.ActiveCfg = Release|x86
		{8A3B7670-0CE8-458D-9D6D-17C6465F1C9D}.Release|Any CPU.Build.0 = Release|x86
		{8A3B7670-0CE8-458D-9D6D-17C6465F1C9D}.Release|Any CPU.Deploy.0 = Release|x86
		{8A3B7670-0CE8-458D-9D6D-17C6465F1C9D}.Release|ARM.ActiveCfg = Release|ARM
		{8A3B7670-0CE8-458D-9D6D-17C6465F1C9D}.Release|ARM.Build.0 = Release|ARM
		{8A3B7670-0CE8-458D-9D6D-17C6465F1C9D}.Release|ARM.Deploy.0 = Release|ARM
		{8A3B7670-0CE8-458D-9D6D-17C6465F1C9D}.Release|iPhone.ActiveCfg = Release|x86
		{8A3B7670-0CE8-458D-9D6D-17C6465F1C9D}.Release|iPhone.Build.0 = Release|x86
		{8A3B7670-0CE8-458D-9D6D-17C6465F1C9D}.Release|iPhone.Deploy.0 = Release|x86
		{8A3B7670-0CE8-458D-9D6D-17C6465F1C9D}.Release|iPhoneSimulator.ActiveCfg = Release|x86
		{8A3B7670-0CE8-458D-9D6D-17C6465F1C9D}.Release|iPhoneSimulator.Build.0 = Release|x86
		{8A3B7670-0CE8-458D-9D6D-17C6465F1C9D}.Release|iPhoneSimulator.Deploy.0 = Release|x86
		{8A3B7670-0CE8-458D-9D6D-17C6465F1C9D}.Release|x64.ActiveCfg = Release|x64
		{8A3B7670-0CE8-458D-9D6D-17C6465F1C9D}.Release|x64.Build.0 = Release|x64
		{8A3B7670-0CE8-458D-9D6D-17C6465F1C9D}.Release|x64.Deploy.0 = Release|x64
		{8A3B7670-0CE8-458D-9D6D-17C6465F1C9D}.Release|x86.ActiveCfg = Release|x86
		{8A3B7670-0CE8-458D-9D6D-17C6465F1C9D}.Release|x86.Build.0 = Release|x86
		{8A3B7670-0CE8-458D-9D6D-17C6465F1C9D}.Release|x86.Deploy.0 = Release|x86
		{C7642213-FB53-4643-B826-B7DCFB6158E1}.Debug|Any CPU.ActiveCfg = Debug|Any CPU
		{C7642213-FB53-4643-B826-B7DCFB6158E1}.Debug|Any CPU.Build.0 = Debug|Any CPU
		{C7642213-FB53-4643-B826-B7DCFB6158E1}.Debug|Any CPU.Deploy.0 = Debug|Any CPU
		{C7642213-FB53-4643-B826-B7DCFB6158E1}.Debug|ARM.ActiveCfg = Debug|Any CPU
		{C7642213-FB53-4643-B826-B7DCFB6158E1}.Debug|ARM.Build.0 = Debug|Any CPU
		{C7642213-FB53-4643-B826-B7DCFB6158E1}.Debug|ARM.Deploy.0 = Debug|Any CPU
		{C7642213-FB53-4643-B826-B7DCFB6158E1}.Debug|iPhone.ActiveCfg = Debug|Any CPU
		{C7642213-FB53-4643-B826-B7DCFB6158E1}.Debug|iPhone.Build.0 = Debug|Any CPU
		{C7642213-FB53-4643-B826-B7DCFB6158E1}.Debug|iPhone.Deploy.0 = Debug|Any CPU
		{C7642213-FB53-4643-B826-B7DCFB6158E1}.Debug|iPhoneSimulator.ActiveCfg = Debug|Any CPU
		{C7642213-FB53-4643-B826-B7DCFB6158E1}.Debug|iPhoneSimulator.Build.0 = Debug|Any CPU
		{C7642213-FB53-4643-B826-B7DCFB6158E1}.Debug|iPhoneSimulator.Deploy.0 = Debug|Any CPU
		{C7642213-FB53-4643-B826-B7DCFB6158E1}.Debug|x64.ActiveCfg = Debug|Any CPU
		{C7642213-FB53-4643-B826-B7DCFB6158E1}.Debug|x64.Build.0 = Debug|Any CPU
		{C7642213-FB53-4643-B826-B7DCFB6158E1}.Debug|x64.Deploy.0 = Debug|Any CPU
		{C7642213-FB53-4643-B826-B7DCFB6158E1}.Debug|x86.ActiveCfg = Debug|Any CPU
		{C7642213-FB53-4643-B826-B7DCFB6158E1}.Debug|x86.Build.0 = Debug|Any CPU
		{C7642213-FB53-4643-B826-B7DCFB6158E1}.Debug|x86.Deploy.0 = Debug|Any CPU
		{C7642213-FB53-4643-B826-B7DCFB6158E1}.Release|Any CPU.ActiveCfg = Release|Any CPU
		{C7642213-FB53-4643-B826-B7DCFB6158E1}.Release|Any CPU.Build.0 = Release|Any CPU
		{C7642213-FB53-4643-B826-B7DCFB6158E1}.Release|Any CPU.Deploy.0 = Release|Any CPU
		{C7642213-FB53-4643-B826-B7DCFB6158E1}.Release|ARM.ActiveCfg = Release|Any CPU
		{C7642213-FB53-4643-B826-B7DCFB6158E1}.Release|ARM.Build.0 = Release|Any CPU
		{C7642213-FB53-4643-B826-B7DCFB6158E1}.Release|ARM.Deploy.0 = Release|Any CPU
		{C7642213-FB53-4643-B826-B7DCFB6158E1}.Release|iPhone.ActiveCfg = Release|Any CPU
		{C7642213-FB53-4643-B826-B7DCFB6158E1}.Release|iPhone.Build.0 = Release|Any CPU
		{C7642213-FB53-4643-B826-B7DCFB6158E1}.Release|iPhone.Deploy.0 = Release|Any CPU
		{C7642213-FB53-4643-B826-B7DCFB6158E1}.Release|iPhoneSimulator.ActiveCfg = Release|Any CPU
		{C7642213-FB53-4643-B826-B7DCFB6158E1}.Release|iPhoneSimulator.Build.0 = Release|Any CPU
		{C7642213-FB53-4643-B826-B7DCFB6158E1}.Release|iPhoneSimulator.Deploy.0 = Release|Any CPU
		{C7642213-FB53-4643-B826-B7DCFB6158E1}.Release|x64.ActiveCfg = Release|Any CPU
		{C7642213-FB53-4643-B826-B7DCFB6158E1}.Release|x64.Build.0 = Release|Any CPU
		{C7642213-FB53-4643-B826-B7DCFB6158E1}.Release|x64.Deploy.0 = Release|Any CPU
		{C7642213-FB53-4643-B826-B7DCFB6158E1}.Release|x86.ActiveCfg = Release|Any CPU
		{C7642213-FB53-4643-B826-B7DCFB6158E1}.Release|x86.Build.0 = Release|Any CPU
		{C7642213-FB53-4643-B826-B7DCFB6158E1}.Release|x86.Deploy.0 = Release|Any CPU
		{7E80FE80-9C09-4387-AE9B-7F4F24296A68}.Debug|Any CPU.ActiveCfg = Debug|iPhoneSimulator
		{7E80FE80-9C09-4387-AE9B-7F4F24296A68}.Debug|Any CPU.Build.0 = Debug|iPhoneSimulator
		{7E80FE80-9C09-4387-AE9B-7F4F24296A68}.Debug|Any CPU.Deploy.0 = Debug|iPhoneSimulator
		{7E80FE80-9C09-4387-AE9B-7F4F24296A68}.Debug|ARM.ActiveCfg = Debug|iPhone
		{7E80FE80-9C09-4387-AE9B-7F4F24296A68}.Debug|ARM.Build.0 = Debug|iPhone
		{7E80FE80-9C09-4387-AE9B-7F4F24296A68}.Debug|ARM.Deploy.0 = Debug|iPhone
		{7E80FE80-9C09-4387-AE9B-7F4F24296A68}.Debug|iPhone.ActiveCfg = Debug|iPhone
		{7E80FE80-9C09-4387-AE9B-7F4F24296A68}.Debug|iPhone.Build.0 = Debug|iPhone
		{7E80FE80-9C09-4387-AE9B-7F4F24296A68}.Debug|iPhone.Deploy.0 = Debug|iPhone
		{7E80FE80-9C09-4387-AE9B-7F4F24296A68}.Debug|iPhoneSimulator.ActiveCfg = Debug|iPhoneSimulator
		{7E80FE80-9C09-4387-AE9B-7F4F24296A68}.Debug|iPhoneSimulator.Build.0 = Debug|iPhoneSimulator
		{7E80FE80-9C09-4387-AE9B-7F4F24296A68}.Debug|iPhoneSimulator.Deploy.0 = Debug|iPhoneSimulator
		{7E80FE80-9C09-4387-AE9B-7F4F24296A68}.Debug|x64.ActiveCfg = Debug|iPhoneSimulator
		{7E80FE80-9C09-4387-AE9B-7F4F24296A68}.Debug|x64.Build.0 = Debug|iPhoneSimulator
		{7E80FE80-9C09-4387-AE9B-7F4F24296A68}.Debug|x64.Deploy.0 = Debug|iPhoneSimulator
		{7E80FE80-9C09-4387-AE9B-7F4F24296A68}.Debug|x86.ActiveCfg = Debug|iPhoneSimulator
		{7E80FE80-9C09-4387-AE9B-7F4F24296A68}.Debug|x86.Build.0 = Debug|iPhoneSimulator
		{7E80FE80-9C09-4387-AE9B-7F4F24296A68}.Debug|x86.Deploy.0 = Debug|iPhoneSimulator
		{7E80FE80-9C09-4387-AE9B-7F4F24296A68}.Release|Any CPU.ActiveCfg = Release|iPhoneSimulator
		{7E80FE80-9C09-4387-AE9B-7F4F24296A68}.Release|Any CPU.Build.0 = Release|iPhoneSimulator
		{7E80FE80-9C09-4387-AE9B-7F4F24296A68}.Release|Any CPU.Deploy.0 = Release|iPhoneSimulator
		{7E80FE80-9C09-4387-AE9B-7F4F24296A68}.Release|ARM.ActiveCfg = Release|iPhoneSimulator
		{7E80FE80-9C09-4387-AE9B-7F4F24296A68}.Release|ARM.Build.0 = Release|iPhoneSimulator
		{7E80FE80-9C09-4387-AE9B-7F4F24296A68}.Release|ARM.Deploy.0 = Release|iPhoneSimulator
		{7E80FE80-9C09-4387-AE9B-7F4F24296A68}.Release|iPhone.ActiveCfg = Release|iPhone
		{7E80FE80-9C09-4387-AE9B-7F4F24296A68}.Release|iPhone.Build.0 = Release|iPhone
		{7E80FE80-9C09-4387-AE9B-7F4F24296A68}.Release|iPhone.Deploy.0 = Release|iPhone
		{7E80FE80-9C09-4387-AE9B-7F4F24296A68}.Release|iPhoneSimulator.ActiveCfg = Release|iPhoneSimulator
		{7E80FE80-9C09-4387-AE9B-7F4F24296A68}.Release|iPhoneSimulator.Build.0 = Release|iPhoneSimulator
		{7E80FE80-9C09-4387-AE9B-7F4F24296A68}.Release|iPhoneSimulator.Deploy.0 = Release|iPhoneSimulator
		{7E80FE80-9C09-4387-AE9B-7F4F24296A68}.Release|x64.ActiveCfg = Release|iPhoneSimulator
		{7E80FE80-9C09-4387-AE9B-7F4F24296A68}.Release|x64.Build.0 = Release|iPhoneSimulator
		{7E80FE80-9C09-4387-AE9B-7F4F24296A68}.Release|x64.Deploy.0 = Release|iPhoneSimulator
		{7E80FE80-9C09-4387-AE9B-7F4F24296A68}.Release|x86.ActiveCfg = Release|iPhoneSimulator
		{7E80FE80-9C09-4387-AE9B-7F4F24296A68}.Release|x86.Build.0 = Release|iPhoneSimulator
		{7E80FE80-9C09-4387-AE9B-7F4F24296A68}.Release|x86.Deploy.0 = Release|iPhoneSimulator
		{BBB642C3-40C1-4734-8A20-00C956360746}.Debug|Any CPU.ActiveCfg = Debug|Any CPU
		{BBB642C3-40C1-4734-8A20-00C956360746}.Debug|Any CPU.Build.0 = Debug|Any CPU
		{BBB642C3-40C1-4734-8A20-00C956360746}.Debug|Any CPU.Deploy.0 = Debug|Any CPU
		{BBB642C3-40C1-4734-8A20-00C956360746}.Debug|ARM.ActiveCfg = Debug|Any CPU
		{BBB642C3-40C1-4734-8A20-00C956360746}.Debug|ARM.Build.0 = Debug|Any CPU
		{BBB642C3-40C1-4734-8A20-00C956360746}.Debug|ARM.Deploy.0 = Debug|Any CPU
		{BBB642C3-40C1-4734-8A20-00C956360746}.Debug|iPhone.ActiveCfg = Debug|Any CPU
		{BBB642C3-40C1-4734-8A20-00C956360746}.Debug|iPhone.Build.0 = Debug|Any CPU
		{BBB642C3-40C1-4734-8A20-00C956360746}.Debug|iPhone.Deploy.0 = Debug|Any CPU
		{BBB642C3-40C1-4734-8A20-00C956360746}.Debug|iPhoneSimulator.ActiveCfg = Debug|Any CPU
		{BBB642C3-40C1-4734-8A20-00C956360746}.Debug|iPhoneSimulator.Build.0 = Debug|Any CPU
		{BBB642C3-40C1-4734-8A20-00C956360746}.Debug|iPhoneSimulator.Deploy.0 = Debug|Any CPU
		{BBB642C3-40C1-4734-8A20-00C956360746}.Debug|x64.ActiveCfg = Debug|Any CPU
		{BBB642C3-40C1-4734-8A20-00C956360746}.Debug|x64.Build.0 = Debug|Any CPU
		{BBB642C3-40C1-4734-8A20-00C956360746}.Debug|x64.Deploy.0 = Debug|Any CPU
		{BBB642C3-40C1-4734-8A20-00C956360746}.Debug|x86.ActiveCfg = Debug|Any CPU
		{BBB642C3-40C1-4734-8A20-00C956360746}.Debug|x86.Build.0 = Debug|Any CPU
		{BBB642C3-40C1-4734-8A20-00C956360746}.Debug|x86.Deploy.0 = Debug|Any CPU
		{BBB642C3-40C1-4734-8A20-00C956360746}.Release|Any CPU.ActiveCfg = Release|Any CPU
		{BBB642C3-40C1-4734-8A20-00C956360746}.Release|Any CPU.Build.0 = Release|Any CPU
		{BBB642C3-40C1-4734-8A20-00C956360746}.Release|Any CPU.Deploy.0 = Release|Any CPU
		{BBB642C3-40C1-4734-8A20-00C956360746}.Release|ARM.ActiveCfg = Release|Any CPU
		{BBB642C3-40C1-4734-8A20-00C956360746}.Release|ARM.Build.0 = Release|Any CPU
		{BBB642C3-40C1-4734-8A20-00C956360746}.Release|ARM.Deploy.0 = Release|Any CPU
		{BBB642C3-40C1-4734-8A20-00C956360746}.Release|iPhone.ActiveCfg = Release|Any CPU
		{BBB642C3-40C1-4734-8A20-00C956360746}.Release|iPhone.Build.0 = Release|Any CPU
		{BBB642C3-40C1-4734-8A20-00C956360746}.Release|iPhone.Deploy.0 = Release|Any CPU
		{BBB642C3-40C1-4734-8A20-00C956360746}.Release|iPhoneSimulator.ActiveCfg = Release|Any CPU
		{BBB642C3-40C1-4734-8A20-00C956360746}.Release|iPhoneSimulator.Build.0 = Release|Any CPU
		{BBB642C3-40C1-4734-8A20-00C956360746}.Release|iPhoneSimulator.Deploy.0 = Release|Any CPU
		{BBB642C3-40C1-4734-8A20-00C956360746}.Release|x64.ActiveCfg = Release|Any CPU
		{BBB642C3-40C1-4734-8A20-00C956360746}.Release|x64.Build.0 = Release|Any CPU
		{BBB642C3-40C1-4734-8A20-00C956360746}.Release|x64.Deploy.0 = Release|Any CPU
		{BBB642C3-40C1-4734-8A20-00C956360746}.Release|x86.ActiveCfg = Release|Any CPU
		{BBB642C3-40C1-4734-8A20-00C956360746}.Release|x86.Build.0 = Release|Any CPU
		{BBB642C3-40C1-4734-8A20-00C956360746}.Release|x86.Deploy.0 = Release|Any CPU
	EndGlobalSection
	GlobalSection(SolutionProperties) = preSolution
		HideSolutionNode = FALSE
	EndGlobalSection
	GlobalSection(ExtensibilityGlobals) = postSolution
		SolutionGuid = {D4EFB785-A599-45EB-8D22-C65CEA791CD5}
	EndGlobalSection
EndGlobal
